
Microsoft Visual Studio Solution File, Format Version 12.00
# Visual Studio Version 16
VisualStudioVersion = 16.0.30717.126
MinimumVisualStudioVersion = 10.0.40219.1
Project("{FAE04EC0-301F-11D3-BF4B-00C04F79EFBC}") = "Lab1", "Lab1\Lab1.csproj", "{366342D3-1295-4708-B26C-EBC5ABAB2978}"
EndProject
Global
	GlobalSection(SolutionConfigurationPlatforms) = preSolution
		Debug|Any CPU = Debug|Any CPU
		Release|Any CPU = Release|Any CPU
	EndGlobalSection
	GlobalSection(ProjectConfigurationPlatforms) = postSolution
		{366342D3-1295-4708-B26C-EBC5ABAB2978}.Debug|Any CPU.ActiveCfg = Debug|Any CPU
		{366342D3-1295-4708-B26C-EBC5ABAB2978}.Debug|Any CPU.Build.0 = Debug|Any CPU
		{366342D3-1295-4708-B26C-EBC5ABAB2978}.Release|Any CPU.ActiveCfg = Release|Any CPU
		{366342D3-1295-4708-B26C-EBC5ABAB2978}.Release|Any CPU.Build.0 = Release|Any CPU
	EndGlobalSection
	GlobalSection(SolutionProperties) = preSolution
		HideSolutionNode = FALSE
	EndGlobalSection
	GlobalSection(ExtensibilityGlobals) = postSolution
		SolutionGuid = {27D89C42-EF1D-46C8-9B73-F6177341B8B8}
	EndGlobalSection
EndGlobal
